# Generated by pub
# See http://pub.dartlang.org/doc/glossary.html#lockfile
packages:
  archive:
    description: archive
    source: hosted
    version: "1.0.11"
  browser:
    description: browser
    source: hosted
    version: "0.9.1"
  crypto:
    description: crypto
    source: hosted
    version: "0.9.0"
